# This file was autogenerated by Stack.
# You should not edit this file by hand.
# For more information, please see the documentation at:
#   https://docs.haskellstack.org/en/stable/lock_files

packages:
- completed:
    hackage: http-conduit-2.3.0@sha256:7ffdbf5f3149f86aea4e948d36abad881bbd06063292b43fe2d5bec553f2fd59,2837
    pantry-tree:
      size: 784
      sha256: 57dd7f1092cd3bfa08906b533b1407eb56eee141a252ab78f3364ab195706ad0
  original:
    hackage: http-conduit-2.3.0
snapshots:
- completed:
    size: 499461
    url: https://raw.githubusercontent.com/commercialhaskell/stackage-snapshots/master/lts/13/25.yaml
    sha256: aed98969628e20615e96b06083c933c7e3354ae56b08b75e607a26569225d6c0
  original: lts-13.25
